
Microsoft Visual Studio Solution File, Format Version 12.00
# Visual Studio 15
VisualStudioVersion = 15.0.27703.2000
MinimumVisualStudioVersion = 10.0.40219.1
Project("{9A19103F-16F7-4668-BE54-9A1E7A4F7556}") = "demo1", "demo1.csproj", "{64E85BF0-E01D-4731-AF68-5D6F69CFA57C}"
EndProject
Global
	GlobalSection(SolutionConfigurationPlatforms) = preSolution
		Debug|Any CPU = Debug|Any CPU
		Release|Any CPU = Release|Any CPU
	EndGlobalSection
	GlobalSection(ProjectConfigurationPlatforms) = postSolution
		{64E85BF0-E01D-4731-AF68-5D6F69CFA57C}.Debug|Any CPU.ActiveCfg = Debug|Any CPU
		{64E85BF0-E01D-4731-AF68-5D6F69CFA57C}.Debug|Any CPU.Build.0 = Debug|Any CPU
		{64E85BF0-E01D-4731-AF68-5D6F69CFA57C}.Release|Any CPU.ActiveCfg = Release|Any CPU
		{64E85BF0-E01D-4731-AF68-5D6F69CFA57C}.Release|Any CPU.Build.0 = Release|Any CPU
	EndGlobalSection
	GlobalSection(SolutionProperties) = preSolution
		HideSolutionNode = FALSE
	EndGlobalSection
	GlobalSection(ExtensibilityGlobals) = postSolution
		SolutionGuid = {C00530FD-1515-4A23-AEAB-B084B545002C}
	EndGlobalSection
EndGlobal
