
Microsoft Visual Studio Solution File, Format Version 12.00
# Visual Studio 15
VisualStudioVersion = 15.0.27703.2000
MinimumVisualStudioVersion = 10.0.40219.1
Project("{9A19103F-16F7-4668-BE54-9A1E7A4F7556}") = "demo4mysentimentmiddleware", "demo4mysentimentmiddleware.csproj", "{AABE859C-B05B-459B-9048-E14A8C2CDA34}"
EndProject
Global
	GlobalSection(SolutionConfigurationPlatforms) = preSolution
		Debug|Any CPU = Debug|Any CPU
		Release|Any CPU = Release|Any CPU
	EndGlobalSection
	GlobalSection(ProjectConfigurationPlatforms) = postSolution
		{AABE859C-B05B-459B-9048-E14A8C2CDA34}.Debug|Any CPU.ActiveCfg = Debug|Any CPU
		{AABE859C-B05B-459B-9048-E14A8C2CDA34}.Debug|Any CPU.Build.0 = Debug|Any CPU
		{AABE859C-B05B-459B-9048-E14A8C2CDA34}.Release|Any CPU.ActiveCfg = Release|Any CPU
		{AABE859C-B05B-459B-9048-E14A8C2CDA34}.Release|Any CPU.Build.0 = Release|Any CPU
	EndGlobalSection
	GlobalSection(SolutionProperties) = preSolution
		HideSolutionNode = FALSE
	EndGlobalSection
	GlobalSection(ExtensibilityGlobals) = postSolution
		SolutionGuid = {93F605E8-E7EB-4964-A20B-3C3A3C5DEA0F}
	EndGlobalSection
EndGlobal
