
Microsoft Visual Studio Solution File, Format Version 12.00
# Visual Studio 15
VisualStudioVersion = 15.0.27703.2000
MinimumVisualStudioVersion = 10.0.40219.1
Project("{9A19103F-16F7-4668-BE54-9A1E7A4F7556}") = "demo8statemiddleware", "demo8statemiddleware.csproj", "{3519FD33-176B-49FC-AAA0-5714E0374562}"
EndProject
Global
	GlobalSection(SolutionConfigurationPlatforms) = preSolution
		Debug|Any CPU = Debug|Any CPU
		Release|Any CPU = Release|Any CPU
	EndGlobalSection
	GlobalSection(ProjectConfigurationPlatforms) = postSolution
		{3519FD33-176B-49FC-AAA0-5714E0374562}.Debug|Any CPU.ActiveCfg = Debug|Any CPU
		{3519FD33-176B-49FC-AAA0-5714E0374562}.Debug|Any CPU.Build.0 = Debug|Any CPU
		{3519FD33-176B-49FC-AAA0-5714E0374562}.Release|Any CPU.ActiveCfg = Release|Any CPU
		{3519FD33-176B-49FC-AAA0-5714E0374562}.Release|Any CPU.Build.0 = Release|Any CPU
	EndGlobalSection
	GlobalSection(SolutionProperties) = preSolution
		HideSolutionNode = FALSE
	EndGlobalSection
	GlobalSection(ExtensibilityGlobals) = postSolution
		SolutionGuid = {1F031849-B8A2-420B-83CD-C784EC7CCDB4}
	EndGlobalSection
EndGlobal
