
Microsoft Visual Studio Solution File, Format Version 12.00
# Visual Studio 15
VisualStudioVersion = 15.0.27703.2000
MinimumVisualStudioVersion = 10.0.40219.1
Project("{9A19103F-16F7-4668-BE54-9A1E7A4F7556}") = "demo2mysimplemiddleware", "demo2mysimplemiddleware.csproj", "{4ABB5888-917F-412D-81CF-70198F8AC42C}"
EndProject
Global
	GlobalSection(SolutionConfigurationPlatforms) = preSolution
		Debug|Any CPU = Debug|Any CPU
		Release|Any CPU = Release|Any CPU
	EndGlobalSection
	GlobalSection(ProjectConfigurationPlatforms) = postSolution
		{4ABB5888-917F-412D-81CF-70198F8AC42C}.Debug|Any CPU.ActiveCfg = Debug|Any CPU
		{4ABB5888-917F-412D-81CF-70198F8AC42C}.Debug|Any CPU.Build.0 = Debug|Any CPU
		{4ABB5888-917F-412D-81CF-70198F8AC42C}.Release|Any CPU.ActiveCfg = Release|Any CPU
		{4ABB5888-917F-412D-81CF-70198F8AC42C}.Release|Any CPU.Build.0 = Release|Any CPU
	EndGlobalSection
	GlobalSection(SolutionProperties) = preSolution
		HideSolutionNode = FALSE
	EndGlobalSection
	GlobalSection(ExtensibilityGlobals) = postSolution
		SolutionGuid = {105546B0-B196-4639-9B73-04948907550E}
	EndGlobalSection
EndGlobal
